
Microsoft Visual Studio Solution File, Format Version 12.00
# Visual Studio 15
VisualStudioVersion = 15.0.28307.779
MinimumVisualStudioVersion = 10.0.40219.1
Project("{FAE04EC0-301F-11D3-BF4B-00C04F79EFBC}") = "SpicyFoodHouse", "SpicyFoodHouse\SpicyFoodHouse.csproj", "{CDFC399D-00CC-4C9A-976C-EDDB75C188BA}"
EndProject
Global
	GlobalSection(SolutionConfigurationPlatforms) = preSolution
		Debug|Any CPU = Debug|Any CPU
		Release|Any CPU = Release|Any CPU
	EndGlobalSection
	GlobalSection(ProjectConfigurationPlatforms) = postSolution
		{CDFC399D-00CC-4C9A-976C-EDDB75C188BA}.Debug|Any CPU.ActiveCfg = Debug|Any CPU
		{CDFC399D-00CC-4C9A-976C-EDDB75C188BA}.Debug|Any CPU.Build.0 = Debug|Any CPU
		{CDFC399D-00CC-4C9A-976C-EDDB75C188BA}.Release|Any CPU.ActiveCfg = Release|Any CPU
		{CDFC399D-00CC-4C9A-976C-EDDB75C188BA}.Release|Any CPU.Build.0 = Release|Any CPU
	EndGlobalSection
	GlobalSection(SolutionProperties) = preSolution
		HideSolutionNode = FALSE
	EndGlobalSection
	GlobalSection(ExtensibilityGlobals) = postSolution
		SolutionGuid = {3636881D-7111-48A6-9F72-43DFE7E3DC9A}
	EndGlobalSection
EndGlobal
